{
  "pins" : [
    {
      "identity" : "sdwebimage",
      "kind" : "remoteSourceControl",
      "location" : "https://github.com/SDWebImage/SDWebImage.git",
      "state" : {
        "revision" : "e278c13e46e8d20c895c221e922c6ac6b72aaca9",
        "version" : "5.18.7"
      }
    }
  ],
  "version" : 2
}
